
Microsoft Visual Studio Solution File, Format Version 12.00
# Visual Studio Version 17
VisualStudioVersion = 17.6.33723.286
MinimumVisualStudioVersion = 10.0.40219.1
Project("{8BC9CEB8-8B4A-11D0-8D11-00A0C91BC942}") = "00_GameEngineBase", "GameEngineBase\GameEngineBase.vcxproj", "{FA0A7034-64C2-4B96-9994-87B314DED1E7}"
EndProject
Project("{8BC9CEB8-8B4A-11D0-8D11-00A0C91BC942}") = "01_GameEngineNet", "GameEngineNet\GameEngineNet.vcxproj", "{5F2CE336-9DD1-4BE1-94E7-E70CA36A2EFC}"
	ProjectSection(ProjectDependencies) = postProject
		{FA0A7034-64C2-4B96-9994-87B314DED1E7} = {FA0A7034-64C2-4B96-9994-87B314DED1E7}
	EndProjectSection
EndProject
Project("{8BC9CEB8-8B4A-11D0-8D11-00A0C91BC942}") = "02_GameEngineServer", "GameEngineServer\GameEngineServer.vcxproj", "{B37E100B-0DAD-46CC-B290-F771C0F91CBB}"
	ProjectSection(ProjectDependencies) = postProject
		{5F2CE336-9DD1-4BE1-94E7-E70CA36A2EFC} = {5F2CE336-9DD1-4BE1-94E7-E70CA36A2EFC}
	EndProjectSection
EndProject
Project("{8BC9CEB8-8B4A-11D0-8D11-00A0C91BC942}") = "03_ServerApp", "ServerApp\ServerApp.vcxproj", "{F3C2EA18-9BE6-452C-A369-F24440CBCC9B}"
	ProjectSection(ProjectDependencies) = postProject
		{B37E100B-0DAD-46CC-B290-F771C0F91CBB} = {B37E100B-0DAD-46CC-B290-F771C0F91CBB}
	EndProjectSection
EndProject
Project("{8BC9CEB8-8B4A-11D0-8D11-00A0C91BC942}") = "02_GameEngineClient", "GameEngineClient\GameEngineClient.vcxproj", "{53D7CCDF-D8A1-461D-A4DC-20DD57CD74F3}"
EndProject
Project("{888888A0-9F3D-457C-B088-3A5042F75D52}") = "03_ClientApp", "ClientApp\03_ClientApp.pyproj", "{B8B6FE8D-E5DE-424F-A074-8AEF79FAE26A}"
EndProject
Global
	GlobalSection(SolutionConfigurationPlatforms) = preSolution
		Debug|Any CPU = Debug|Any CPU
		Debug|x64 = Debug|x64
		Debug|x86 = Debug|x86
		Release|Any CPU = Release|Any CPU
		Release|x64 = Release|x64
		Release|x86 = Release|x86
	EndGlobalSection
	GlobalSection(ProjectConfigurationPlatforms) = postSolution
		{FA0A7034-64C2-4B96-9994-87B314DED1E7}.Debug|Any CPU.ActiveCfg = Debug|x64
		{FA0A7034-64C2-4B96-9994-87B314DED1E7}.Debug|Any CPU.Build.0 = Debug|x64
		{FA0A7034-64C2-4B96-9994-87B314DED1E7}.Debug|x64.ActiveCfg = Debug|x64
		{FA0A7034-64C2-4B96-9994-87B314DED1E7}.Debug|x64.Build.0 = Debug|x64
		{FA0A7034-64C2-4B96-9994-87B314DED1E7}.Debug|x86.ActiveCfg = Debug|Win32
		{FA0A7034-64C2-4B96-9994-87B314DED1E7}.Debug|x86.Build.0 = Debug|Win32
		{FA0A7034-64C2-4B96-9994-87B314DED1E7}.Release|Any CPU.ActiveCfg = Release|x64
		{FA0A7034-64C2-4B96-9994-87B314DED1E7}.Release|Any CPU.Build.0 = Release|x64
		{FA0A7034-64C2-4B96-9994-87B314DED1E7}.Release|x64.ActiveCfg = Release|x64
		{FA0A7034-64C2-4B96-9994-87B314DED1E7}.Release|x64.Build.0 = Release|x64
		{FA0A7034-64C2-4B96-9994-87B314DED1E7}.Release|x86.ActiveCfg = Release|Win32
		{FA0A7034-64C2-4B96-9994-87B314DED1E7}.Release|x86.Build.0 = Release|Win32
		{5F2CE336-9DD1-4BE1-94E7-E70CA36A2EFC}.Debug|Any CPU.ActiveCfg = Debug|x64
		{5F2CE336-9DD1-4BE1-94E7-E70CA36A2EFC}.Debug|Any CPU.Build.0 = Debug|x64
		{5F2CE336-9DD1-4BE1-94E7-E70CA36A2EFC}.Debug|x64.ActiveCfg = Debug|x64
		{5F2CE336-9DD1-4BE1-94E7-E70CA36A2EFC}.Debug|x64.Build.0 = Debug|x64
		{5F2CE336-9DD1-4BE1-94E7-E70CA36A2EFC}.Debug|x86.ActiveCfg = Debug|Win32
		{5F2CE336-9DD1-4BE1-94E7-E70CA36A2EFC}.Debug|x86.Build.0 = Debug|Win32
		{5F2CE336-9DD1-4BE1-94E7-E70CA36A2EFC}.Release|Any CPU.ActiveCfg = Release|x64
		{5F2CE336-9DD1-4BE1-94E7-E70CA36A2EFC}.Release|Any CPU.Build.0 = Release|x64
		{5F2CE336-9DD1-4BE1-94E7-E70CA36A2EFC}.Release|x64.ActiveCfg = Release|x64
		{5F2CE336-9DD1-4BE1-94E7-E70CA36A2EFC}.Release|x64.Build.0 = Release|x64
		{5F2CE336-9DD1-4BE1-94E7-E70CA36A2EFC}.Release|x86.ActiveCfg = Release|Win32
		{5F2CE336-9DD1-4BE1-94E7-E70CA36A2EFC}.Release|x86.Build.0 = Release|Win32
		{B37E100B-0DAD-46CC-B290-F771C0F91CBB}.Debug|Any CPU.ActiveCfg = Debug|x64
		{B37E100B-0DAD-46CC-B290-F771C0F91CBB}.Debug|Any CPU.Build.0 = Debug|x64
		{B37E100B-0DAD-46CC-B290-F771C0F91CBB}.Debug|x64.ActiveCfg = Debug|x64
		{B37E100B-0DAD-46CC-B290-F771C0F91CBB}.Debug|x64.Build.0 = Debug|x64
		{B37E100B-0DAD-46CC-B290-F771C0F91CBB}.Debug|x86.ActiveCfg = Debug|Win32
		{B37E100B-0DAD-46CC-B290-F771C0F91CBB}.Debug|x86.Build.0 = Debug|Win32
		{B37E100B-0DAD-46CC-B290-F771C0F91CBB}.Release|Any CPU.ActiveCfg = Release|x64
		{B37E100B-0DAD-46CC-B290-F771C0F91CBB}.Release|Any CPU.Build.0 = Release|x64
		{B37E100B-0DAD-46CC-B290-F771C0F91CBB}.Release|x64.ActiveCfg = Release|x64
		{B37E100B-0DAD-46CC-B290-F771C0F91CBB}.Release|x64.Build.0 = Release|x64
		{B37E100B-0DAD-46CC-B290-F771C0F91CBB}.Release|x86.ActiveCfg = Release|Win32
		{B37E100B-0DAD-46CC-B290-F771C0F91CBB}.Release|x86.Build.0 = Release|Win32
		{F3C2EA18-9BE6-452C-A369-F24440CBCC9B}.Debug|Any CPU.ActiveCfg = Debug|x64
		{F3C2EA18-9BE6-452C-A369-F24440CBCC9B}.Debug|Any CPU.Build.0 = Debug|x64
		{F3C2EA18-9BE6-452C-A369-F24440CBCC9B}.Debug|x64.ActiveCfg = Debug|x64
		{F3C2EA18-9BE6-452C-A369-F24440CBCC9B}.Debug|x64.Build.0 = Debug|x64
		{F3C2EA18-9BE6-452C-A369-F24440CBCC9B}.Debug|x86.ActiveCfg = Debug|Win32
		{F3C2EA18-9BE6-452C-A369-F24440CBCC9B}.Debug|x86.Build.0 = Debug|Win32
		{F3C2EA18-9BE6-452C-A369-F24440CBCC9B}.Release|Any CPU.ActiveCfg = Release|x64
		{F3C2EA18-9BE6-452C-A369-F24440CBCC9B}.Release|Any CPU.Build.0 = Release|x64
		{F3C2EA18-9BE6-452C-A369-F24440CBCC9B}.Release|x64.ActiveCfg = Release|x64
		{F3C2EA18-9BE6-452C-A369-F24440CBCC9B}.Release|x64.Build.0 = Release|x64
		{F3C2EA18-9BE6-452C-A369-F24440CBCC9B}.Release|x86.ActiveCfg = Release|Win32
		{F3C2EA18-9BE6-452C-A369-F24440CBCC9B}.Release|x86.Build.0 = Release|Win32
		{53D7CCDF-D8A1-461D-A4DC-20DD57CD74F3}.Debug|Any CPU.ActiveCfg = Debug|x64
		{53D7CCDF-D8A1-461D-A4DC-20DD57CD74F3}.Debug|Any CPU.Build.0 = Debug|x64
		{53D7CCDF-D8A1-461D-A4DC-20DD57CD74F3}.Debug|x64.ActiveCfg = Debug|x64
		{53D7CCDF-D8A1-461D-A4DC-20DD57CD74F3}.Debug|x64.Build.0 = Debug|x64
		{53D7CCDF-D8A1-461D-A4DC-20DD57CD74F3}.Debug|x86.ActiveCfg = Debug|Win32
		{53D7CCDF-D8A1-461D-A4DC-20DD57CD74F3}.Debug|x86.Build.0 = Debug|Win32
		{53D7CCDF-D8A1-461D-A4DC-20DD57CD74F3}.Release|Any CPU.ActiveCfg = Release|x64
		{53D7CCDF-D8A1-461D-A4DC-20DD57CD74F3}.Release|Any CPU.Build.0 = Release|x64
		{53D7CCDF-D8A1-461D-A4DC-20DD57CD74F3}.Release|x64.ActiveCfg = Release|x64
		{53D7CCDF-D8A1-461D-A4DC-20DD57CD74F3}.Release|x64.Build.0 = Release|x64
		{53D7CCDF-D8A1-461D-A4DC-20DD57CD74F3}.Release|x86.ActiveCfg = Release|Win32
		{53D7CCDF-D8A1-461D-A4DC-20DD57CD74F3}.Release|x86.Build.0 = Release|Win32
		{B8B6FE8D-E5DE-424F-A074-8AEF79FAE26A}.Debug|Any CPU.ActiveCfg = Debug|Any CPU
		{B8B6FE8D-E5DE-424F-A074-8AEF79FAE26A}.Debug|x64.ActiveCfg = Debug|Any CPU
		{B8B6FE8D-E5DE-424F-A074-8AEF79FAE26A}.Debug|x86.ActiveCfg = Debug|Any CPU
		{B8B6FE8D-E5DE-424F-A074-8AEF79FAE26A}.Release|Any CPU.ActiveCfg = Release|Any CPU
		{B8B6FE8D-E5DE-424F-A074-8AEF79FAE26A}.Release|x64.ActiveCfg = Release|Any CPU
		{B8B6FE8D-E5DE-424F-A074-8AEF79FAE26A}.Release|x86.ActiveCfg = Release|Any CPU
	EndGlobalSection
	GlobalSection(SolutionProperties) = preSolution
		HideSolutionNode = FALSE
	EndGlobalSection
	GlobalSection(ExtensibilityGlobals) = postSolution
		SolutionGuid = {006DCBD7-198A-4D18-961E-9A60A071E851}
	EndGlobalSection
EndGlobal
